// !$*UTF8*$!
{
	archiveVersion = 1;
	classes = {
	};
	objectVersion = 55;
	objects = {

/* Begin PBXBuildFile section */
		B9167CE8270C2E0900E42089 /* SwiftSpeakerDemoApp.swift in Sources */ = {isa = PBXBuildFile; fileRef = B9167CD8270C2E0700E42089 /* SwiftSpeakerDemoApp.swift */; };
		B9167CE9270C2E0900E42089 /* SwiftSpeakerDemoApp.swift in Sources */ = {isa = PBXBuildFile; fileRef = B9167CD8270C2E0700E42089 /* SwiftSpeakerDemoApp.swift */; };
		B9167CEA270C2E0900E42089 /* ContentView.swift in Sources */ = {isa = PBXBuildFile; fileRef = B9167CD9270C2E0700E42089 /* ContentView.swift */; };
		B9167CEB270C2E0900E42089 /* ContentView.swift in Sources */ = {isa = PBXBuildFile; fileRef = B9167CD9270C2E0700E42089 /* ContentView.swift */; };
		B9167CEC270C2E0900E42089 /* Assets.xcassets in Resources */ = {isa = PBXBuildFile; fileRef = B9167CDA270C2E0900E42089 /* Assets.xcassets */; };
		B9167CED270C2E0900E42089 /* Assets.xcassets in Resources */ = {isa = PBXBuildFile; fileRef = B9167CDA270C2E0900E42089 /* Assets.xcassets */; };
		B9167CF7270C2E6000E42089 /* SpeechConfigurationView.swift in Sources */ = {isa = PBXBuildFile; fileRef = B9167CF6270C2E6000E42089 /* SpeechConfigurationView.swift */; };
		B9167CF8270C2E6000E42089 /* SpeechConfigurationView.swift in Sources */ = {isa = PBXBuildFile; fileRef = B9167CF6270C2E6000E42089 /* SpeechConfigurationView.swift */; };
		B9167CFA270C2ECB00E42089 /* SwiftSpeaker.swift in Sources */ = {isa = PBXBuildFile; fileRef = B9167CF9270C2ECB00E42089 /* SwiftSpeaker.swift */; };
		B9167CFB270C2ECB00E42089 /* SwiftSpeaker.swift in Sources */ = {isa = PBXBuildFile; fileRef = B9167CF9270C2ECB00E42089 /* SwiftSpeaker.swift */; };
		B9167CFD270C2EF200E42089 /* SpeakerView.swift in Sources */ = {isa = PBXBuildFile; fileRef = B9167CFC270C2EF200E42089 /* SpeakerView.swift */; };
		B9167CFE270C2EF200E42089 /* SpeakerView.swift in Sources */ = {isa = PBXBuildFile; fileRef = B9167CFC270C2EF200E42089 /* SpeakerView.swift */; };
/* End PBXBuildFile section */

/* Begin PBXFileReference section */
		B9167CD8270C2E0700E42089 /* SwiftSpeakerDemoApp.swift */ = {isa = PBXFileReference; lastKnownFileType = sourcecode.swift; path = SwiftSpeakerDemoApp.swift; sourceTree = "<group>"; };
		B9167CD9270C2E0700E42089 /* ContentView.swift */ = {isa = PBXFileReference; lastKnownFileType = sourcecode.swift; path = ContentView.swift; sourceTree = "<group>"; };
		B9167CDA270C2E0900E42089 /* Assets.xcassets */ = {isa = PBXFileReference; lastKnownFileType = folder.assetcatalog; path = Assets.xcassets; sourceTree = "<group>"; };
		B9167CDF270C2E0900E42089 /* SwiftSpeakerDemo.app */ = {isa = PBXFileReference; explicitFileType = wrapper.application; includeInIndex = 0; path = SwiftSpeakerDemo.app; sourceTree = BUILT_PRODUCTS_DIR; };
		B9167CE5270C2E0900E42089 /* SwiftSpeakerDemo.app */ = {isa = PBXFileReference; explicitFileType = wrapper.application; includeInIndex = 0; path = SwiftSpeakerDemo.app; sourceTree = BUILT_PRODUCTS_DIR; };
		B9167CE7270C2E0900E42089 /* macOS.entitlements */ = {isa = PBXFileReference; lastKnownFileType = text.plist.entitlements; path = macOS.entitlements; sourceTree = "<group>"; };
		B9167CF6270C2E6000E42089 /* SpeechConfigurationView.swift */ = {isa = PBXFileReference; lastKnownFileType = sourcecode.swift; path = SpeechConfigurationView.swift; sourceTree = "<group>"; };
		B9167CF9270C2ECB00E42089 /* SwiftSpeaker.swift */ = {isa = PBXFileReference; lastKnownFileType = sourcecode.swift; path = SwiftSpeaker.swift; sourceTree = "<group>"; };
		B9167CFC270C2EF200E42089 /* SpeakerView.swift */ = {isa = PBXFileReference; lastKnownFileType = sourcecode.swift; path = SpeakerView.swift; sourceTree = "<group>"; };
/* End PBXFileReference section */

/* Begin PBXFrameworksBuildPhase section */
		B9167CDC270C2E0900E42089 /* Frameworks */ = {
			isa = PBXFrameworksBuildPhase;
			buildActionMask = 2147483647;
			files = (
			);
			runOnlyForDeploymentPostprocessing = 0;
		};
		B9167CE2270C2E0900E42089 /* Frameworks */ = {
			isa = PBXFrameworksBuildPhase;
			buildActionMask = 2147483647;
			files = (
			);
			runOnlyForDeploymentPostprocessing = 0;
		};
/* End PBXFrameworksBuildPhase section */

/* Begin PBXGroup section */
		B9167CD2270C2E0700E42089 = {
			isa = PBXGroup;
			children = (
				B9167CD7270C2E0700E42089 /* Shared */,
				B9167CE6270C2E0900E42089 /* macOS */,
				B9167CE0270C2E0900E42089 /* Products */,
			);
			sourceTree = "<group>";
		};
		B9167CD7270C2E0700E42089 /* Shared */ = {
			isa = PBXGroup;
			children = (
				B9167CD8270C2E0700E42089 /* SwiftSpeakerDemoApp.swift */,
				B9167CD9270C2E0700E42089 /* ContentView.swift */,
				B9167CF6270C2E6000E42089 /* SpeechConfigurationView.swift */,
				B9167CFC270C2EF200E42089 /* SpeakerView.swift */,
				B9167CF9270C2ECB00E42089 /* SwiftSpeaker.swift */,
				B9167CDA270C2E0900E42089 /* Assets.xcassets */,
			);
			path = Shared;
			sourceTree = "<group>";
		};
		B9167CE0270C2E0900E42089 /* Products */ = {
			isa = PBXGroup;
			children = (
				B9167CDF270C2E0900E42089 /* SwiftSpeakerDemo.app */,
				B9167CE5270C2E0900E42089 /* SwiftSpeakerDemo.app */,
			);
			name = Products;
			sourceTree = "<group>";
		};
		B9167CE6270C2E0900E42089 /* macOS */ = {
			isa = PBXGroup;
			children = (
				B9167CE7270C2E0900E42089 /* macOS.entitlements */,
			);
			path = macOS;
			sourceTree = "<group>";
		};
/* End PBXGroup section */

/* Begin PBXNativeTarget section */
		B9167CDE270C2E0900E42089 /* SwiftSpeakerDemo (iOS) */ = {
			isa = PBXNativeTarget;
			buildConfigurationList = B9167CF0270C2E0900E42089 /* Build configuration list for PBXNativeTarget "SwiftSpeakerDemo (iOS)" */;
			buildPhases = (
				B9167CDB270C2E0900E42089 /* Sources */,
				B9167CDC270C2E0900E42089 /* Frameworks */,
				B9167CDD270C2E0900E42089 /* Resources */,
			);
			buildRules = (
			);
			dependencies = (
			);
			name = "SwiftSpeakerDemo (iOS)";
			productName = "SwiftSpeakerDemo (iOS)";
			productReference = B9167CDF270C2E0900E42089 /* SwiftSpeakerDemo.app */;
			productType = "com.apple.product-type.application";
		};
		B9167CE4270C2E0900E42089 /* SwiftSpeakerDemo (macOS) */ = {
			isa = PBXNativeTarget;
			buildConfigurationList = B9167CF3270C2E0900E42089 /* Build configuration list for PBXNativeTarget "SwiftSpeakerDemo (macOS)" */;
			buildPhases = (
				B9167CE1270C2E0900E42089 /* Sources */,
				B9167CE2270C2E0900E42089 /* Frameworks */,
				B9167CE3270C2E0900E42089 /* Resources */,
			);
			buildRules = (
			);
			dependencies = (
			);
			name = "SwiftSpeakerDemo (macOS)";
			productName = "SwiftSpeakerDemo (macOS)";
			productReference = B9167CE5270C2E0900E42089 /* SwiftSpeakerDemo.app */;
			productType = "com.apple.product-type.application";
		};
/* End PBXNativeTarget section */

/* Begin PBXProject section */
		B9167CD3270C2E0700E42089 /* Project object */ = {
			isa = PBXProject;
			attributes = {
				BuildIndependentTargetsInParallel = 1;
				LastSwiftUpdateCheck = 1300;
				LastUpgradeCheck = 1300;
				TargetAttributes = {
					B9167CDE270C2E0900E42089 = {
						CreatedOnToolsVersion = 13.0;
					};
					B9167CE4270C2E0900E42089 = {
						CreatedOnToolsVersion = 13.0;
					};
				};
			};
			buildConfigurationList = B9167CD6270C2E0700E42089 /* Build configuration list for PBXProject "SwiftSpeakerDemo" */;
			compatibilityVersion = "Xcode 13.0";
			developmentRegion = en;
			hasScannedForEncodings = 0;
			knownRegions = (
				en,
				Base,
			);
			mainGroup = B9167CD2270C2E0700E42089;
			productRefGroup = B9167CE0270C2E0900E42089 /* Products */;
			projectDirPath = "";
			projectRoot = "";
			targets = (
				B9167CDE270C2E0900E42089 /* SwiftSpeakerDemo (iOS) */,
				B9167CE4270C2E0900E42089 /* SwiftSpeakerDemo (macOS) */,
			);
		};
/* End PBXProject section */

/* Begin PBXResourcesBuildPhase section */
		B9167CDD270C2E0900E42089 /* Resources */ = {
			isa = PBXResourcesBuildPhase;
			buildActionMask = 2147483647;
			files = (
				B9167CEC270C2E0900E42089 /* Assets.xcassets in Resources */,
			);
			runOnlyForDeploymentPostprocessing = 0;
		};
		B9167CE3270C2E0900E42089 /* Resources */ = {
			isa = PBXResourcesBuildPhase;
			buildActionMask = 2147483647;
			files = (
				B9167CED270C2E0900E42089 /* Assets.xcassets in Resources */,
			);
			runOnlyForDeploymentPostprocessing = 0;
		};
/* End PBXResourcesBuildPhase section */

/* Begin PBXSourcesBuildPhase section */
		B9167CDB270C2E0900E42089 /* Sources */ = {
			isa = PBXSourcesBuildPhase;
			buildActionMask = 2147483647;
			files = (
				B9167CEA270C2E0900E42089 /* ContentView.swift in Sources */,
				B9167CFA270C2ECB00E42089 /* SwiftSpeaker.swift in Sources */,
				B9167CE8270C2E0900E42089 /* SwiftSpeakerDemoApp.swift in Sources */,
				B9167CF7270C2E6000E42089 /* SpeechConfigurationView.swift in Sources */,
				B9167CFD270C2EF200E42089 /* SpeakerView.swift in Sources */,
			);
			runOnlyForDeploymentPostprocessing = 0;
		};
		B9167CE1270C2E0900E42089 /* Sources */ = {
			isa = PBXSourcesBuildPhase;
			buildActionMask = 2147483647;
			files = (
				B9167CEB270C2E0900E42089 /* ContentView.swift in Sources */,
				B9167CFB270C2ECB00E42089 /* SwiftSpeaker.swift in Sources */,
				B9167CE9270C2E0900E42089 /* SwiftSpeakerDemoApp.swift in Sources */,
				B9167CF8270C2E6000E42089 /* SpeechConfigurationView.swift in Sources */,
				B9167CFE270C2EF200E42089 /* SpeakerView.swift in Sources */,
			);
			runOnlyForDeploymentPostprocessing = 0;
		};
/* End PBXSourcesBuildPhase section */

/* Begin XCBuildConfiguration section */
		B9167CEE270C2E0900E42089 /* Debug */ = {
			isa = XCBuildConfiguration;
			buildSettings = {
				ALWAYS_SEARCH_USER_PATHS = NO;
				CLANG_ANALYZER_NONNULL = YES;
				CLANG_ANALYZER_NUMBER_OBJECT_CONVERSION = YES_AGGRESSIVE;
				CLANG_CXX_LANGUAGE_STANDARD = "gnu++17";
				CLANG_CXX_LIBRARY = "libc++";
				CLANG_ENABLE_MODULES = YES;
				CLANG_ENABLE_OBJC_ARC = YES;
				CLANG_ENABLE_OBJC_WEAK = YES;
				CLANG_WARN_BLOCK_CAPTURE_AUTORELEASING = YES;
				CLANG_WARN_BOOL_CONVERSION = YES;
				CLANG_WARN_COMMA = YES;
				CLANG_WARN_CONSTANT_CONVERSION = YES;
				CLANG_WARN_DEPRECATED_OBJC_IMPLEMENTATIONS = YES;
				CLANG_WARN_DIRECT_OBJC_ISA_USAGE = YES_ERROR;
				CLANG_WARN_DOCUMENTATION_COMMENTS = YES;
				CLANG_WARN_EMPTY_BODY = YES;
				CLANG_WARN_ENUM_CONVERSION = YES;
				CLANG_WARN_INFINITE_RECURSION = YES;
				CLANG_WARN_INT_CONVERSION = YES;
				CLANG_WARN_NON_LITERAL_NULL_CONVERSION = YES;
				CLANG_WARN_OBJC_IMPLICIT_RETAIN_SELF = YES;
				CLANG_WARN_OBJC_LITERAL_CONVERSION = YES;
				CLANG_WARN_OBJC_ROOT_CLASS = YES_ERROR;
				CLANG_WARN_QUOTED_INCLUDE_IN_FRAMEWORK_HEADER = YES;
				CLANG_WARN_RANGE_LOOP_ANALYSIS = YES;
				CLANG_WARN_STRICT_PROTOTYPES = YES;
				CLANG_WARN_SUSPICIOUS_MOVE = YES;
				CLANG_WARN_UNGUARDED_AVAILABILITY = YES_AGGRESSIVE;
				CLANG_WARN_UNREACHABLE_CODE = YES;
				CLANG_WARN__DUPLICATE_METHOD_MATCH = YES;
				COPY_PHASE_STRIP = NO;
				DEBUG_INFORMATION_FORMAT = dwarf;
				ENABLE_STRICT_OBJC_MSGSEND = YES;
				ENABLE_TESTABILITY = YES;
				GCC_C_LANGUAGE_STANDARD = gnu11;
				GCC_DYNAMIC_NO_PIC = NO;
				GCC_NO_COMMON_BLOCKS = YES;
				GCC_OPTIMIZATION_LEVEL = 0;
				GCC_PREPROCESSOR_DEFINITIONS = (
					"DEBUG=1",
					"$(inherited)",
				);
				GCC_WARN_64_TO_32_BIT_CONVERSION = YES;
				GCC_WARN_ABOUT_RETURN_TYPE = YES_ERROR;
				GCC_WARN_UNDECLARED_SELECTOR = YES;
				GCC_WARN_UNINITIALIZED_AUTOS = YES_AGGRESSIVE;
				GCC_WARN_UNUSED_FUNCTION = YES;
				GCC_WARN_UNUSED_VARIABLE = YES;
				MTL_ENABLE_DEBUG_INFO = INCLUDE_SOURCE;
				MTL_FAST_MATH = YES;
				ONLY_ACTIVE_ARCH = YES;
				SWIFT_ACTIVE_COMPILATION_CONDITIONS = DEBUG;
				SWIFT_OPTIMIZATION_LEVEL = "-Onone";
			};
			name = Debug;
		};
		B9167CEF270C2E0900E42089 /* Release */ = {
			isa = XCBuildConfiguration;
			buildSettings = {
				ALWAYS_SEARCH_USER_PATHS = NO;
				CLANG_ANALYZER_NONNULL = YES;
				CLANG_ANALYZER_NUMBER_OBJECT_CONVERSION = YES_AGGRESSIVE;
				CLANG_CXX_LANGUAGE_STANDARD = "gnu++17";
				CLANG_CXX_LIBRARY = "libc++";
				CLANG_ENABLE_MODULES = YES;
				CLANG_ENABLE_OBJC_ARC = YES;
				CLANG_ENABLE_OBJC_WEAK = YES;
				CLANG_WARN_BLOCK_CAPTURE_AUTORELEASING = YES;
				CLANG_WARN_BOOL_CONVERSION = YES;
				CLANG_WARN_COMMA = YES;
				CLANG_WARN_CONSTANT_CONVERSION = YES;
				CLANG_WARN_DEPRECATED_OBJC_IMPLEMENTATIONS = YES;
				CLANG_WARN_DIRECT_OBJC_ISA_USAGE = YES_ERROR;
				CLANG_WARN_DOCUMENTATION_COMMENTS = YES;
				CLANG_WARN_EMPTY_BODY = YES;
				CLANG_WARN_ENUM_CONVERSION = YES;
				CLANG_WARN_INFINITE_RECURSION = YES;
				CLANG_WARN_INT_CONVERSION = YES;
				CLANG_WARN_NON_LITERAL_NULL_CONVERSION = YES;
				CLANG_WARN_OBJC_IMPLICIT_RETAIN_SELF = YES;
				CLANG_WARN_OBJC_LITERAL_CONVERSION = YES;
				CLANG_WARN_OBJC_ROOT_CLASS = YES_ERROR;
				CLANG_WARN_QUOTED_INCLUDE_IN_FRAMEWORK_HEADER = YES;
				CLANG_WARN_RANGE_LOOP_ANALYSIS = YES;
				CLANG_WARN_STRICT_PROTOTYPES = YES;
				CLANG_WARN_SUSPICIOUS_MOVE = YES;
				CLANG_WARN_UNGUARDED_AVAILABILITY = YES_AGGRESSIVE;
				CLANG_WARN_UNREACHABLE_CODE = YES;
				CLANG_WARN__DUPLICATE_METHOD_MATCH = YES;
				COPY_PHASE_STRIP = NO;
				DEBUG_INFORMATION_FORMAT = "dwarf-with-dsym";
				ENABLE_NS_ASSERTIONS = NO;
				ENABLE_STRICT_OBJC_MSGSEND = YES;
				GCC_C_LANGUAGE_STANDARD = gnu11;
				GCC_NO_COMMON_BLOCKS = YES;
				GCC_WARN_64_TO_32_BIT_CONVERSION = YES;
				GCC_WARN_ABOUT_RETURN_TYPE = YES_ERROR;
				GCC_WARN_UNDECLARED_SELECTOR = YES;
				GCC_WARN_UNINITIALIZED_AUTOS = YES_AGGRESSIVE;
				GCC_WARN_UNUSED_FUNCTION = YES;
				GCC_WARN_UNUSED_VARIABLE = YES;
				MTL_ENABLE_DEBUG_INFO = NO;
				MTL_FAST_MATH = YES;
				SWIFT_COMPILATION_MODE = wholemodule;
				SWIFT_OPTIMIZATION_LEVEL = "-O";
			};
			name = Release;
		};
		B9167CF1270C2E0900E42089 /* Debug */ = {
			isa = XCBuildConfiguration;
			buildSettings = {
				ASSETCATALOG_COMPILER_APPICON_NAME = AppIcon;
				ASSETCATALOG_COMPILER_GLOBAL_ACCENT_COLOR_NAME = AccentColor;
				CODE_SIGN_STYLE = Automatic;
				CURRENT_PROJECT_VERSION = 1;
				ENABLE_PREVIEWS = YES;
				GENERATE_INFOPLIST_FILE = YES;
				INFOPLIST_KEY_UIApplicationSceneManifest_Generation = YES;
				INFOPLIST_KEY_UIApplicationSupportsIndirectInputEvents = YES;
				INFOPLIST_KEY_UILaunchScreen_Generation = YES;
				INFOPLIST_KEY_UISupportedInterfaceOrientations_iPad = "UIInterfaceOrientationPortrait UIInterfaceOrientationPortraitUpsideDown UIInterfaceOrientationLandscapeLeft UIInterfaceOrientationLandscapeRight";
				INFOPLIST_KEY_UISupportedInterfaceOrientations_iPhone = "UIInterfaceOrientationPortrait UIInterfaceOrientationLandscapeLeft UIInterfaceOrientationLandscapeRight";
				IPHONEOS_DEPLOYMENT_TARGET = 14.0;
				LD_RUNPATH_SEARCH_PATHS = (
					"$(inherited)",
					"@executable_path/Frameworks",
				);
				MARKETING_VERSION = 1.0;
				PRODUCT_BUNDLE_IDENTIFIER = jp.co.rakupro.SwiftSpeakerDemo;
				PRODUCT_NAME = SwiftSpeakerDemo;
				SDKROOT = iphoneos;
				SWIFT_EMIT_LOC_STRINGS = YES;
				SWIFT_VERSION = 5.0;
				TARGETED_DEVICE_FAMILY = "1,2";
			};
			name = Debug;
		};
		B9167CF2270C2E0900E42089 /* Release */ = {
			isa = XCBuildConfiguration;
			buildSettings = {
				ASSETCATALOG_COMPILER_APPICON_NAME = AppIcon;
				ASSETCATALOG_COMPILER_GLOBAL_ACCENT_COLOR_NAME = AccentColor;
				CODE_SIGN_STYLE = Automatic;
				CURRENT_PROJECT_VERSION = 1;
				ENABLE_PREVIEWS = YES;
				GENERATE_INFOPLIST_FILE = YES;
				INFOPLIST_KEY_UIApplicationSceneManifest_Generation = YES;
				INFOPLIST_KEY_UIApplicationSupportsIndirectInputEvents = YES;
				INFOPLIST_KEY_UILaunchScreen_Generation = YES;
				INFOPLIST_KEY_UISupportedInterfaceOrientations_iPad = "UIInterfaceOrientationPortrait UIInterfaceOrientationPortraitUpsideDown UIInterfaceOrientationLandscapeLeft UIInterfaceOrientationLandscapeRight";
				INFOPLIST_KEY_UISupportedInterfaceOrientations_iPhone = "UIInterfaceOrientationPortrait UIInterfaceOrientationLandscapeLeft UIInterfaceOrientationLandscapeRight";
				IPHONEOS_DEPLOYMENT_TARGET = 14.0;
				LD_RUNPATH_SEARCH_PATHS = (
					"$(inherited)",
					"@executable_path/Frameworks",
				);
				MARKETING_VERSION = 1.0;
				PRODUCT_BUNDLE_IDENTIFIER = jp.co.rakupro.SwiftSpeakerDemo;
				PRODUCT_NAME = SwiftSpeakerDemo;
				SDKROOT = iphoneos;
				SWIFT_EMIT_LOC_STRINGS = YES;
				SWIFT_VERSION = 5.0;
				TARGETED_DEVICE_FAMILY = "1,2";
				VALIDATE_PRODUCT = YES;
			};
			name = Release;
		};
		B9167CF4270C2E0900E42089 /* Debug */ = {
			isa = XCBuildConfiguration;
			buildSettings = {
				ASSETCATALOG_COMPILER_APPICON_NAME = AppIcon;
				ASSETCATALOG_COMPILER_GLOBAL_ACCENT_COLOR_NAME = AccentColor;
				CODE_SIGN_ENTITLEMENTS = macOS/macOS.entitlements;
				CODE_SIGN_STYLE = Automatic;
				COMBINE_HIDPI_IMAGES = YES;
				CURRENT_PROJECT_VERSION = 1;
				ENABLE_PREVIEWS = YES;
				GENERATE_INFOPLIST_FILE = YES;
				INFOPLIST_KEY_NSHumanReadableCopyright = "";
				LD_RUNPATH_SEARCH_PATHS = (
					"$(inherited)",
					"@executable_path/../Frameworks",
				);
				MACOSX_DEPLOYMENT_TARGET = 11.0;
				MARKETING_VERSION = 1.0;
				PRODUCT_BUNDLE_IDENTIFIER = jp.co.rakupro.SwiftSpeakerDemo;
				PRODUCT_NAME = SwiftSpeakerDemo;
				SDKROOT = macosx;
				SWIFT_EMIT_LOC_STRINGS = YES;
				SWIFT_VERSION = 5.0;
			};
			name = Debug;
		};
		B9167CF5270C2E0900E42089 /* Release */ = {
			isa = XCBuildConfiguration;
			buildSettings = {
				ASSETCATALOG_COMPILER_APPICON_NAME = AppIcon;
				ASSETCATALOG_COMPILER_GLOBAL_ACCENT_COLOR_NAME = AccentColor;
				CODE_SIGN_ENTITLEMENTS = macOS/macOS.entitlements;
				CODE_SIGN_STYLE = Automatic;
				COMBINE_HIDPI_IMAGES = YES;
				CURRENT_PROJECT_VERSION = 1;
				ENABLE_PREVIEWS = YES;
				GENERATE_INFOPLIST_FILE = YES;
				INFOPLIST_KEY_NSHumanReadableCopyright = "";
				LD_RUNPATH_SEARCH_PATHS = (
					"$(inherited)",
					"@executable_path/../Frameworks",
				);
				MACOSX_DEPLOYMENT_TARGET = 11.0;
				MARKETING_VERSION = 1.0;
				PRODUCT_BUNDLE_IDENTIFIER = jp.co.rakupro.SwiftSpeakerDemo;
				PRODUCT_NAME = SwiftSpeakerDemo;
				SDKROOT = macosx;
				SWIFT_EMIT_LOC_STRINGS = YES;
				SWIFT_VERSION = 5.0;
			};
			name = Release;
		};
/* End XCBuildConfiguration section */

/* Begin XCConfigurationList section */
		B9167CD6270C2E0700E42089 /* Build configuration list for PBXProject "SwiftSpeakerDemo" */ = {
			isa = XCConfigurationList;
			buildConfigurations = (
				B9167CEE270C2E0900E42089 /* Debug */,
				B9167CEF270C2E0900E42089 /* Release */,
			);
			defaultConfigurationIsVisible = 0;
			defaultConfigurationName = Release;
		};
		B9167CF0270C2E0900E42089 /* Build configuration list for PBXNativeTarget "SwiftSpeakerDemo (iOS)" */ = {
			isa = XCConfigurationList;
			buildConfigurations = (
				B9167CF1270C2E0900E42089 /* Debug */,
				B9167CF2270C2E0900E42089 /* Release */,
			);
			defaultConfigurationIsVisible = 0;
			defaultConfigurationName = Release;
		};
		B9167CF3270C2E0900E42089 /* Build configuration list for PBXNativeTarget "SwiftSpeakerDemo (macOS)" */ = {
			isa = XCConfigurationList;
			buildConfigurations = (
				B9167CF4270C2E0900E42089 /* Debug */,
				B9167CF5270C2E0900E42089 /* Release */,
			);
			defaultConfigurationIsVisible = 0;
			defaultConfigurationName = Release;
		};
/* End XCConfigurationList section */
	};
	rootObject = B9167CD3270C2E0700E42089 /* Project object */;
}
